
Microsoft Visual Studio Solution File, Format Version 12.00
# Visual Studio Version 16
VisualStudioVersion = 16.0.29728.190
MinimumVisualStudioVersion = 10.0.40219.1
Project("{9A19103F-16F7-4668-BE54-9A1E7A4F7556}") = "SauceOps", "SauceOps\SauceOps.csproj", "{CE77D1BF-50CC-49DA-BC4E-D1894B4FF0FF}"
EndProject
Project("{9A19103F-16F7-4668-BE54-9A1E7A4F7556}") = "UnitTests", "UnitTests\UnitTests.csproj", "{39134B34-4748-4AB4-B83F-E9DD5D7FA763}"
EndProject
Project("{2150E333-8FDC-42A3-9474-1A3956D46DE8}") = "Solution Items", "Solution Items", "{BDDE3D3F-32B6-46F0-B067-011560707CD3}"
	ProjectSection(SolutionItems) = preProject
		azure-pipelines.yml = azure-pipelines.yml
	EndProjectSection
EndProject
Global
	GlobalSection(SolutionConfigurationPlatforms) = preSolution
		Debug|Any CPU = Debug|Any CPU
		Release|Any CPU = Release|Any CPU
	EndGlobalSection
	GlobalSection(ProjectConfigurationPlatforms) = postSolution
		{CE77D1BF-50CC-49DA-BC4E-D1894B4FF0FF}.Debug|Any CPU.ActiveCfg = Debug|Any CPU
		{CE77D1BF-50CC-49DA-BC4E-D1894B4FF0FF}.Debug|Any CPU.Build.0 = Debug|Any CPU
		{CE77D1BF-50CC-49DA-BC4E-D1894B4FF0FF}.Release|Any CPU.ActiveCfg = Release|Any CPU
		{CE77D1BF-50CC-49DA-BC4E-D1894B4FF0FF}.Release|Any CPU.Build.0 = Release|Any CPU
		{39134B34-4748-4AB4-B83F-E9DD5D7FA763}.Debug|Any CPU.ActiveCfg = Debug|Any CPU
		{39134B34-4748-4AB4-B83F-E9DD5D7FA763}.Debug|Any CPU.Build.0 = Debug|Any CPU
		{39134B34-4748-4AB4-B83F-E9DD5D7FA763}.Release|Any CPU.ActiveCfg = Release|Any CPU
		{39134B34-4748-4AB4-B83F-E9DD5D7FA763}.Release|Any CPU.Build.0 = Release|Any CPU
	EndGlobalSection
	GlobalSection(SolutionProperties) = preSolution
		HideSolutionNode = FALSE
	EndGlobalSection
	GlobalSection(ExtensibilityGlobals) = postSolution
		SolutionGuid = {70EABAFD-5221-4BD2-BB15-DA3A90AAF29B}
	EndGlobalSection
EndGlobal
